
Microsoft Visual Studio Solution File, Format Version 12.00
# Visual Studio Version 17
VisualStudioVersion = 17.1.32228.430
MinimumVisualStudioVersion = 10.0.40219.1
Project("{FAE04EC0-301F-11D3-BF4B-00C04F79EFBC}") = "Laboratorio08", "Laboratorio08\Laboratorio08.csproj", "{4A87460E-6F8F-4D9C-85FA-5F2111FCF5B9}"
EndProject
Global
	GlobalSection(SolutionConfigurationPlatforms) = preSolution
		Debug|Any CPU = Debug|Any CPU
		Release|Any CPU = Release|Any CPU
	EndGlobalSection
	GlobalSection(ProjectConfigurationPlatforms) = postSolution
		{4A87460E-6F8F-4D9C-85FA-5F2111FCF5B9}.Debug|Any CPU.ActiveCfg = Debug|Any CPU
		{4A87460E-6F8F-4D9C-85FA-5F2111FCF5B9}.Debug|Any CPU.Build.0 = Debug|Any CPU
		{4A87460E-6F8F-4D9C-85FA-5F2111FCF5B9}.Release|Any CPU.ActiveCfg = Release|Any CPU
		{4A87460E-6F8F-4D9C-85FA-5F2111FCF5B9}.Release|Any CPU.Build.0 = Release|Any CPU
	EndGlobalSection
	GlobalSection(SolutionProperties) = preSolution
		HideSolutionNode = FALSE
	EndGlobalSection
	GlobalSection(ExtensibilityGlobals) = postSolution
		SolutionGuid = {D3C8448C-CC12-4388-A1EE-AE8DEC69172D}
	EndGlobalSection
EndGlobal
